
Microsoft Visual Studio Solution File, Format Version 12.00
# Visual Studio Version 17
VisualStudioVersion = 17.10.35122.118
MinimumVisualStudioVersion = 10.0.40219.1
Project("{9A19103F-16F7-4668-BE54-9A1E7A4F7556}") = "TestProject", "TestProject\TestProject.csproj", "{4A0AF935-70F4-48BF-B580-A925C6250B95}"
EndProject
Project("{9A19103F-16F7-4668-BE54-9A1E7A4F7556}") = "TestProject.Desktop", "TestProject.Desktop\TestProject.Desktop.csproj", "{1D3F6275-2A34-42EF-B8B3-A3D702233E12}"
EndProject
Global
	GlobalSection(SolutionConfigurationPlatforms) = preSolution
		Debug|Any CPU = Debug|Any CPU
		Release|Any CPU = Release|Any CPU
	EndGlobalSection
	GlobalSection(ProjectConfigurationPlatforms) = postSolution
		{4A0AF935-70F4-48BF-B580-A925C6250B95}.Debug|Any CPU.ActiveCfg = Debug|Any CPU
		{4A0AF935-70F4-48BF-B580-A925C6250B95}.Debug|Any CPU.Build.0 = Debug|Any CPU
		{4A0AF935-70F4-48BF-B580-A925C6250B95}.Release|Any CPU.ActiveCfg = Release|Any CPU
		{4A0AF935-70F4-48BF-B580-A925C6250B95}.Release|Any CPU.Build.0 = Release|Any CPU
		{1D3F6275-2A34-42EF-B8B3-A3D702233E12}.Debug|Any CPU.ActiveCfg = Debug|Any CPU
		{1D3F6275-2A34-42EF-B8B3-A3D702233E12}.Debug|Any CPU.Build.0 = Debug|Any CPU
		{1D3F6275-2A34-42EF-B8B3-A3D702233E12}.Release|Any CPU.ActiveCfg = Release|Any CPU
		{1D3F6275-2A34-42EF-B8B3-A3D702233E12}.Release|Any CPU.Build.0 = Release|Any CPU
	EndGlobalSection
	GlobalSection(SolutionProperties) = preSolution
		HideSolutionNode = FALSE
	EndGlobalSection
	GlobalSection(ExtensibilityGlobals) = postSolution
		SolutionGuid = {0F86201E-724F-4491-B639-3B6C6017B0B9}
	EndGlobalSection
EndGlobal
